{
    "_readme": [
        "This file locks the dependencies of your project to a known state",
        "Read more about it at http://getcomposer.org/doc/01-basic-usage.md#composer-lock-the-lock-file",
        "This file is @generated automatically"
    ],
    "hash": "f55c2c0dfc8b435b495933c45456ad56",
    "packages": [
        {
            "name": "catfan/medoo",
            "version": "dev-master",
            "source": {
                "type": "git",
                "url": "https://github.com/catfan/Medoo.git",
                "reference": "920ae293ee87286f955a5265124509695e172434"
            },
            "dist": {
                "type": "zip",
                "url": "https://api.github.com/repos/catfan/Medoo/zipball/920ae293ee87286f955a5265124509695e172434",
                "reference": "920ae293ee87286f955a5265124509695e172434",
                "shasum": ""
            },
            "require": {
                "ext-pdo": "*",
                "php": ">=5.1"
            },
            "suggest": {
                "ext-pdo-mysql": "For MySQL or MariaDB databases",
                "ext-pdo-pqsql": "For PostgreSQL databases",
                "ext-pdo-sqlite": "For SQLite databases",
                "ext-pdo_dblib": "For MSSQL or Sybase databases on Liunx/UNIX platform",
                "ext-pdo_oci": "For Oracle databases",
                "ext-pdo_sqlsrv": "For MSSQL databases on Windows platform"
            },
            "type": "framework",
            "autoload": {
                "files": [
                    "medoo.php"
                ]
            },
            "notification-url": "https://packagist.org/downloads/",
            "license": [
                "MIT"
            ],
            "authors": [
                {
                    "name": "Angel Lai",
                    "email": "angel.lai.cat@gmail.com"
                }
            ],
            "description": "The Lightest PHP database framework to accelerate development",
            "homepage": "http://medoo.in",
            "keywords": [
                "database",
                "lightweight",
                "mssql",
                "mysql",
                "php framework",
                "sql",
                "sqlite"
            ],
            "time": "2015-02-11 03:54:23"
        },
        {
            "name": "respect/validation",
            "version": "0.7.4",
            "source": {
                "type": "git",
                "url": "https://github.com/Respect/Validation.git",
                "reference": "d1af494a48be904e8cba003e603b1ae740b18743"
            },
            "dist": {
                "type": "zip",
                "url": "https://api.github.com/repos/Respect/Validation/zipball/d1af494a48be904e8cba003e603b1ae740b18743",
                "reference": "d1af494a48be904e8cba003e603b1ae740b18743",
                "shasum": ""
            },
            "require": {
                "php": ">=5.3.0"
            },
            "require-dev": {
                "phpunit/phpunit": "~4.0",
                "symfony/validator": "~2.6",
                "zendframework/zend-validator": "~2.3"
            },
            "suggest": {
                "ext-bcmath": "Arbitrary Precision Mathematics",
                "ext-mbstring": "Multibyte String Functions"
            },
            "type": "library",
            "extra": {
                "branch-alias": {
                    "dev-master": "0.7-dev"
                }
            },
            "autoload": {
                "psr-4": {
                    "Respect\\Validation\\": "library/"
                }
            },
            "notification-url": "https://packagist.org/downloads/",
            "license": [
                "BSD Style"
            ],
            "authors": [
                {
                    "name": "Respect/Validation Contributors",
                    "homepage": "https://github.com/Respect/Validation/graphs/contributors"
                }
            ],
            "description": "The most awesome validation engine ever created for PHP",
            "homepage": "http://respect.li",
            "keywords": [
                "respect",
                "validation",
                "validator"
            ],
            "time": "2015-02-05 16:38:11"
        },
        {
            "name": "swiftmailer/swiftmailer",
            "version": "v5.3.1",
            "source": {
                "type": "git",
                "url": "https://github.com/swiftmailer/swiftmailer.git",
                "reference": "c5f963e7f9d6f6438fda4f22d5cc2db296ec621a"
            },
            "dist": {
                "type": "zip",
                "url": "https://api.github.com/repos/swiftmailer/swiftmailer/zipball/c5f963e7f9d6f6438fda4f22d5cc2db296ec621a",
                "reference": "c5f963e7f9d6f6438fda4f22d5cc2db296ec621a",
                "shasum": ""
            },
            "require": {
                "php": ">=5.3.3"
            },
            "require-dev": {
                "mockery/mockery": "~0.9.1"
            },
            "type": "library",
            "extra": {
                "branch-alias": {
                    "dev-master": "5.3-dev"
                }
            },
            "autoload": {
                "files": [
                    "lib/swift_required.php"
                ]
            },
            "notification-url": "https://packagist.org/downloads/",
            "license": [
                "MIT"
            ],
            "authors": [
                {
                    "name": "Chris Corbyn"
                },
                {
                    "name": "Fabien Potencier",
                    "email": "fabien@symfony.com"
                }
            ],
            "description": "Swiftmailer, free feature-rich PHP mailer",
            "homepage": "http://swiftmailer.org",
            "keywords": [
                "mail",
                "mailer"
            ],
            "time": "2014-12-05 14:17:14"
        },
        {
            "name": "taha/timthumb",
            "version": "dev-master",
            "source": {
                "type": "git",
                "url": "https://github.com/taha/TimThumb.git",
                "reference": "75c8972a517e89aac0a893d57c8d443998779640"
            },
            "dist": {
                "type": "zip",
                "url": "https://api.github.com/repos/taha/TimThumb/zipball/75c8972a517e89aac0a893d57c8d443998779640",
                "reference": "75c8972a517e89aac0a893d57c8d443998779640",
                "shasum": ""
            },
            "type": "library",
            "autoload": {
                "classmap": [
                    "./"
                ]
            },
            "notification-url": "https://packagist.org/downloads/",
            "authors": [
                {
                    "name": "Taha Hesham",
                    "email": "taha@wizylabs.com"
                }
            ],
            "description": "TimThumb – PHP Image Resizer",
            "time": "2013-02-16 00:25:19"
        },
        {
            "name": "twig/twig",
            "version": "v1.18.0",
            "source": {
                "type": "git",
                "url": "https://github.com/twigphp/Twig.git",
                "reference": "4cf7464348e7f9893a93f7096a90b73722be99cf"
            },
            "dist": {
                "type": "zip",
                "url": "https://api.github.com/repos/twigphp/Twig/zipball/4cf7464348e7f9893a93f7096a90b73722be99cf",
                "reference": "4cf7464348e7f9893a93f7096a90b73722be99cf",
                "shasum": ""
            },
            "require": {
                "php": ">=5.2.4"
            },
            "type": "library",
            "extra": {
                "branch-alias": {
                    "dev-master": "1.18-dev"
                }
            },
            "autoload": {
                "psr-0": {
                    "Twig_": "lib/"
                }
            },
            "notification-url": "https://packagist.org/downloads/",
            "license": [
                "BSD-3-Clause"
            ],
            "authors": [
                {
                    "name": "Fabien Potencier",
                    "email": "fabien@symfony.com",
                    "homepage": "http://fabien.potencier.org",
                    "role": "Lead Developer"
                },
                {
                    "name": "Armin Ronacher",
                    "email": "armin.ronacher@active-4.com",
                    "role": "Project Founder"
                },
                {
                    "name": "Twig Team",
                    "homepage": "http://twig.sensiolabs.org/contributors",
                    "role": "Contributors"
                }
            ],
            "description": "Twig, the flexible, fast, and secure template language for PHP",
            "homepage": "http://twig.sensiolabs.org",
            "keywords": [
                "templating"
            ],
            "time": "2015-01-25 17:32:08"
        }
    ],
    "packages-dev": [
        {
            "name": "barryvdh/elfinder-builds",
            "version": "2.1.x-dev",
            "source": {
                "type": "git",
                "url": "https://github.com/barryvdh/elfinder-builds.git",
                "reference": "5826d79edbeccf2a63404f7ca8e9ca66758fd762"
            },
            "dist": {
                "type": "zip",
                "url": "https://api.github.com/repos/barryvdh/elfinder-builds/zipball/5826d79edbeccf2a63404f7ca8e9ca66758fd762",
                "reference": "5826d79edbeccf2a63404f7ca8e9ca66758fd762",
                "shasum": ""
            },
            "require": {
                "php": ">=5.2"
            },
            "type": "library",
            "extra": {
                "branch-alias": {
                    "dev-master": "2.1-dev"
                }
            },
            "autoload": {
                "classmap": [
                    "php"
                ]
            },
            "notification-url": "https://packagist.org/downloads/",
            "license": [
                "BSD-3-Clause"
            ],
            "authors": [
                {
                    "name": "Dmitry Levashov",
                    "email": "dio@std42.ru",
                    "homepage": "http://std42.ru"
                },
                {
                    "name": "Troex Nevelin",
                    "email": "troex@fury.scancode.ru",
                    "homepage": "http://std42.ru"
                },
                {
                    "name": "Naoki Sawada",
                    "email": "hypweb@gmail.com",
                    "homepage": "http://xoops.hypweb.net"
                },
                {
                    "name": "Community contributions",
                    "homepage": "https://github.com/Studio-42/elFinder/contributors"
                }
            ],
            "description": "File manager for web",
            "homepage": "http://elfinder.org",
            "time": "2015-02-11 11:10:51"
        },
        {
            "name": "squizlabs/php_codesniffer",
            "version": "1.5.6",
            "source": {
                "type": "git",
                "url": "https://github.com/squizlabs/PHP_CodeSniffer.git",
                "reference": "6f3e42d311b882b25b4d409d23a289f4d3b803d5"
            },
            "dist": {
                "type": "zip",
                "url": "https://api.github.com/repos/squizlabs/PHP_CodeSniffer/zipball/6f3e42d311b882b25b4d409d23a289f4d3b803d5",
                "reference": "6f3e42d311b882b25b4d409d23a289f4d3b803d5",
                "shasum": ""
            },
            "require": {
                "ext-tokenizer": "*",
                "php": ">=5.1.2"
            },
            "suggest": {
                "phpunit/php-timer": "dev-master"
            },
            "bin": [
                "scripts/phpcs"
            ],
            "type": "library",
            "extra": {
                "branch-alias": {
                    "dev-phpcs-fixer": "2.0.x-dev"
                }
            },
            "autoload": {
                "classmap": [
                    "CodeSniffer.php",
                    "CodeSniffer/CLI.php",
                    "CodeSniffer/Exception.php",
                    "CodeSniffer/File.php",
                    "CodeSniffer/Report.php",
                    "CodeSniffer/Reporting.php",
                    "CodeSniffer/Sniff.php",
                    "CodeSniffer/Tokens.php",
                    "CodeSniffer/Reports/",
                    "CodeSniffer/CommentParser/",
                    "CodeSniffer/Tokenizers/",
                    "CodeSniffer/DocGenerators/",
                    "CodeSniffer/Standards/AbstractPatternSniff.php",
                    "CodeSniffer/Standards/AbstractScopeSniff.php",
                    "CodeSniffer/Standards/AbstractVariableSniff.php",
                    "CodeSniffer/Standards/IncorrectPatternException.php",
                    "CodeSniffer/Standards/Generic/Sniffs/",
                    "CodeSniffer/Standards/MySource/Sniffs/",
                    "CodeSniffer/Standards/PEAR/Sniffs/",
                    "CodeSniffer/Standards/PSR1/Sniffs/",
                    "CodeSniffer/Standards/PSR2/Sniffs/",
                    "CodeSniffer/Standards/Squiz/Sniffs/",
                    "CodeSniffer/Standards/Zend/Sniffs/"
                ]
            },
            "notification-url": "https://packagist.org/downloads/",
            "license": [
                "BSD-3-Clause"
            ],
            "authors": [
                {
                    "name": "Greg Sherwood",
                    "role": "lead"
                }
            ],
            "description": "PHP_CodeSniffer tokenises PHP, JavaScript and CSS files and detects violations of a defined set of coding standards.",
            "homepage": "http://www.squizlabs.com/php-codesniffer",
            "keywords": [
                "phpcs",
                "standards"
            ],
            "time": "2014-12-04 22:32:15"
        }
    ],
    "aliases": [],
    "minimum-stability": "stable",
    "stability-flags": {
        "taha/timthumb": 20,
        "catfan/medoo": 20,
        "swiftmailer/swiftmailer": 0,
        "barryvdh/elfinder-builds": 20
    },
    "prefer-stable": false,
    "prefer-lowest": false,
    "platform": {
        "php": ">=5.4.0"
    },
    "platform-dev": []
}
